
Microsoft Visual Studio Solution File, Format Version 12.00
# Visual Studio Version 17
VisualStudioVersion = 17.14.36623.8 d17.14
MinimumVisualStudioVersion = 10.0.40219.1
Project("{FAE04EC0-301F-11D3-BF4B-00C04F79EFBC}") = "DiagnosticCenterManagement", "DiagnosticCenterManagement.csproj", "{D04A55AF-4CCA-451B-A4B8-19DC4262FC33}"
EndProject
Global
	GlobalSection(SolutionConfigurationPlatforms) = preSolution
		Debug|Any CPU = Debug|Any CPU
		Release|Any CPU = Release|Any CPU
	EndGlobalSection
	GlobalSection(ProjectConfigurationPlatforms) = postSolution
		{D04A55AF-4CCA-451B-A4B8-19DC4262FC33}.Debug|Any CPU.ActiveCfg = Debug|Any CPU
		{D04A55AF-4CCA-451B-A4B8-19DC4262FC33}.Debug|Any CPU.Build.0 = Debug|Any CPU
		{D04A55AF-4CCA-451B-A4B8-19DC4262FC33}.Release|Any CPU.ActiveCfg = Release|Any CPU
		{D04A55AF-4CCA-451B-A4B8-19DC4262FC33}.Release|Any CPU.Build.0 = Release|Any CPU
	EndGlobalSection
	GlobalSection(SolutionProperties) = preSolution
		HideSolutionNode = FALSE
	EndGlobalSection
	GlobalSection(ExtensibilityGlobals) = postSolution
		SolutionGuid = {D4E074BC-2B53-47BF-83FB-7F2C7853D541}
	EndGlobalSection
EndGlobal
